
Microsoft Visual Studio Solution File, Format Version 12.00
# Visual Studio Version 17
VisualStudioVersion = 17.2.32630.192
MinimumVisualStudioVersion = 10.0.40219.1
Project("{8BC9CEB8-8B4A-11D0-8D11-00A0C91BC942}") = "Pigalev_Crate_anonymous_channels", "Pigalev_Crate_anonymous_channels\Pigalev_Crate_anonymous_channels.vcxproj", "{C01B9C0C-7099-4D4A-8497-64FC2D40EBB5}"
EndProject
Project("{8BC9CEB8-8B4A-11D0-8D11-00A0C91BC942}") = "DecisionKvYrav", "DecisionKvYrav\DecisionKvYrav.vcxproj", "{677EEFB3-861C-4010-A1C3-0AD2D6B81FC7}"
EndProject
Global
	GlobalSection(SolutionConfigurationPlatforms) = preSolution
		Debug|x64 = Debug|x64
		Debug|x86 = Debug|x86
		Release|x64 = Release|x64
		Release|x86 = Release|x86
	EndGlobalSection
	GlobalSection(ProjectConfigurationPlatforms) = postSolution
		{C01B9C0C-7099-4D4A-8497-64FC2D40EBB5}.Debug|x64.ActiveCfg = Debug|x64
		{C01B9C0C-7099-4D4A-8497-64FC2D40EBB5}.Debug|x64.Build.0 = Debug|x64
		{C01B9C0C-7099-4D4A-8497-64FC2D40EBB5}.Debug|x86.ActiveCfg = Debug|Win32
		{C01B9C0C-7099-4D4A-8497-64FC2D40EBB5}.Debug|x86.Build.0 = Debug|Win32
		{C01B9C0C-7099-4D4A-8497-64FC2D40EBB5}.Release|x64.ActiveCfg = Release|x64
		{C01B9C0C-7099-4D4A-8497-64FC2D40EBB5}.Release|x64.Build.0 = Release|x64
		{C01B9C0C-7099-4D4A-8497-64FC2D40EBB5}.Release|x86.ActiveCfg = Release|Win32
		{C01B9C0C-7099-4D4A-8497-64FC2D40EBB5}.Release|x86.Build.0 = Release|Win32
		{677EEFB3-861C-4010-A1C3-0AD2D6B81FC7}.Debug|x64.ActiveCfg = Debug|x64
		{677EEFB3-861C-4010-A1C3-0AD2D6B81FC7}.Debug|x64.Build.0 = Debug|x64
		{677EEFB3-861C-4010-A1C3-0AD2D6B81FC7}.Debug|x86.ActiveCfg = Debug|Win32
		{677EEFB3-861C-4010-A1C3-0AD2D6B81FC7}.Debug|x86.Build.0 = Debug|Win32
		{677EEFB3-861C-4010-A1C3-0AD2D6B81FC7}.Release|x64.ActiveCfg = Release|x64
		{677EEFB3-861C-4010-A1C3-0AD2D6B81FC7}.Release|x64.Build.0 = Release|x64
		{677EEFB3-861C-4010-A1C3-0AD2D6B81FC7}.Release|x86.ActiveCfg = Release|Win32
		{677EEFB3-861C-4010-A1C3-0AD2D6B81FC7}.Release|x86.Build.0 = Release|Win32
	EndGlobalSection
	GlobalSection(SolutionProperties) = preSolution
		HideSolutionNode = FALSE
	EndGlobalSection
	GlobalSection(ExtensibilityGlobals) = postSolution
		SolutionGuid = {438273C3-ADAC-4506-919B-9DE42B5DB6E1}
	EndGlobalSection
EndGlobal
